
Microsoft Visual Studio Solution File, Format Version 12.00
# Visual Studio 15
VisualStudioVersion = 15.0.28010.2003
MinimumVisualStudioVersion = 10.0.40219.1
Project("{FAE04EC0-301F-11D3-BF4B-00C04F79EFBC}") = "OpenMacroBoard.SDK", "OpenMacroBoard.SDK\OpenMacroBoard.SDK.csproj", "{4BDFC513-16B4-47ED-B230-ED06E7028455}"
EndProject
Project("{FAE04EC0-301F-11D3-BF4B-00C04F79EFBC}") = "OpenMacroBoard.Tests", "OpenMacroBoard.Tests\OpenMacroBoard.Tests.csproj", "{04E32011-7222-4D6F-8FC3-DB5AB54C6397}"
EndProject
Project("{FAE04EC0-301F-11D3-BF4B-00C04F79EFBC}") = "OpenMacroBoard.VirtualBoard", "OpenMacroBoard.VirtualBoard\OpenMacroBoard.VirtualBoard.csproj", "{15125B47-6DF9-4D4F-AD98-3603EFE741E6}"
EndProject
Global
	GlobalSection(SolutionConfigurationPlatforms) = preSolution
		Debug|Any CPU = Debug|Any CPU
		Release|Any CPU = Release|Any CPU
	EndGlobalSection
	GlobalSection(ProjectConfigurationPlatforms) = postSolution
		{4BDFC513-16B4-47ED-B230-ED06E7028455}.Debug|Any CPU.ActiveCfg = Debug|Any CPU
		{4BDFC513-16B4-47ED-B230-ED06E7028455}.Debug|Any CPU.Build.0 = Debug|Any CPU
		{4BDFC513-16B4-47ED-B230-ED06E7028455}.Release|Any CPU.ActiveCfg = Release|Any CPU
		{4BDFC513-16B4-47ED-B230-ED06E7028455}.Release|Any CPU.Build.0 = Release|Any CPU
		{04E32011-7222-4D6F-8FC3-DB5AB54C6397}.Debug|Any CPU.ActiveCfg = Debug|Any CPU
		{04E32011-7222-4D6F-8FC3-DB5AB54C6397}.Debug|Any CPU.Build.0 = Debug|Any CPU
		{04E32011-7222-4D6F-8FC3-DB5AB54C6397}.Release|Any CPU.ActiveCfg = Release|Any CPU
		{04E32011-7222-4D6F-8FC3-DB5AB54C6397}.Release|Any CPU.Build.0 = Release|Any CPU
		{15125B47-6DF9-4D4F-AD98-3603EFE741E6}.Debug|Any CPU.ActiveCfg = Debug|Any CPU
		{15125B47-6DF9-4D4F-AD98-3603EFE741E6}.Debug|Any CPU.Build.0 = Debug|Any CPU
		{15125B47-6DF9-4D4F-AD98-3603EFE741E6}.Release|Any CPU.ActiveCfg = Release|Any CPU
		{15125B47-6DF9-4D4F-AD98-3603EFE741E6}.Release|Any CPU.Build.0 = Release|Any CPU
	EndGlobalSection
	GlobalSection(SolutionProperties) = preSolution
		HideSolutionNode = FALSE
	EndGlobalSection
	GlobalSection(ExtensibilityGlobals) = postSolution
		SolutionGuid = {611DC37D-4DC5-44F4-A40C-CAD3711B63C7}
	EndGlobalSection
EndGlobal
